
Microsoft Visual Studio Solution File, Format Version 12.00
# Visual Studio Version 17
VisualStudioVersion = 17.14.36518.9 d17.14
MinimumVisualStudioVersion = 10.0.40219.1
Project("{F184B08F-C81C-45F6-A57F-5ABD9991F28F}") = "Advent Of Code 2025 net", "Advent Of Code 2025 net\Advent Of Code 2025 net.vbproj", "{2E2134F4-E182-462F-AB78-59B9A629292E}"
EndProject
Global
	GlobalSection(SolutionConfigurationPlatforms) = preSolution
		Debug|Any CPU = Debug|Any CPU
		Release|Any CPU = Release|Any CPU
	EndGlobalSection
	GlobalSection(ProjectConfigurationPlatforms) = postSolution
		{2E2134F4-E182-462F-AB78-59B9A629292E}.Debug|Any CPU.ActiveCfg = Debug|Any CPU
		{2E2134F4-E182-462F-AB78-59B9A629292E}.Debug|Any CPU.Build.0 = Debug|Any CPU
		{2E2134F4-E182-462F-AB78-59B9A629292E}.Release|Any CPU.ActiveCfg = Release|Any CPU
		{2E2134F4-E182-462F-AB78-59B9A629292E}.Release|Any CPU.Build.0 = Release|Any CPU
	EndGlobalSection
	GlobalSection(SolutionProperties) = preSolution
		HideSolutionNode = FALSE
	EndGlobalSection
	GlobalSection(ExtensibilityGlobals) = postSolution
		SolutionGuid = {210BF08A-3BCF-4D11-BA99-9C51B5D81AA9}
	EndGlobalSection
EndGlobal
